# This file is automatically @generated by Cargo.
# It is not intended for manual editing.
[[package]]
name = "base64"
version = "0.12.1"
source = "registry+https://github.com/rust-lang/crates.io-index"
checksum = "53d1ccbaf7d9ec9537465a97bf19edc1a4e158ecb49fc16178202238c569cc42"

[[package]]
name = "bitflags"
version = "1.2.1"
source = "registry+https://github.com/rust-lang/crates.io-index"
checksum = "cf1de2fe8c75bc145a2f577add951f8134889b4795d47466a54a5c846d691693"

[[package]]
name = "proc-macro2"
version = "1.0.15"
source = "registry+https://github.com/rust-lang/crates.io-index"
checksum = "70a50b9351bfa8d65a7d93ce712dc63d2fd15ddbf2c36990fc7cac344859c04f"
dependencies = [
 "unicode-xid",
]

[[package]]
name = "properties_gen"
version = "0.1.0"
dependencies = [
 "ron",
 "roxmltree",
 "serde",
]

[[package]]
name = "quote"
version = "1.0.6"
source = "registry+https://github.com/rust-lang/crates.io-index"
checksum = "54a21852a652ad6f610c9510194f398ff6f8692e334fd1145fed931f7fbe44ea"
dependencies = [
 "proc-macro2",
]

[[package]]
name = "ron"
version = "0.6.0"
source = "registry+https://github.com/rust-lang/crates.io-index"
checksum = "a91260f321dbf3b5a16ff91c451dc9eb644ce72775a6812f9c3dfffe63818f8f"
dependencies = [
 "base64",
 "bitflags",
 "serde",
]

[[package]]
name = "roxmltree"
version = "0.11.0"
source = "registry+https://github.com/rust-lang/crates.io-index"
checksum = "d5001f134077069d87f77c8b9452b690df2445f7a43f1c7ca4a1af8dd505789d"
dependencies = [
 "xmlparser",
]

[[package]]
name = "serde"
version = "1.0.110"
source = "registry+https://github.com/rust-lang/crates.io-index"
checksum = "99e7b308464d16b56eba9964e4972a3eee817760ab60d88c3f86e1fecb08204c"
dependencies = [
 "serde_derive",
]

[[package]]
name = "serde_derive"
version = "1.0.110"
source = "registry+https://github.com/rust-lang/crates.io-index"
checksum = "818fbf6bfa9a42d3bfcaca148547aa00c7b915bec71d1757aa2d44ca68771984"
dependencies = [
 "proc-macro2",
 "quote",
 "syn",
]

[[package]]
name = "syn"
version = "1.0.23"
source = "registry+https://github.com/rust-lang/crates.io-index"
checksum = "95b5f192649e48a5302a13f2feb224df883b98933222369e4b3b0fe2a5447269"
dependencies = [
 "proc-macro2",
 "quote",
 "unicode-xid",
]

[[package]]
name = "unicode-xid"
version = "0.2.0"
source = "registry+https://github.com/rust-lang/crates.io-index"
checksum = "826e7639553986605ec5979c7dd957c7895e93eabed50ab2ffa7f6128a75097c"

[[package]]
name = "xmlparser"
version = "0.13.1"
source = "registry+https://github.com/rust-lang/crates.io-index"
checksum = "ccb4240203dadf40be2de9369e5c6dec1bf427528115b030baca3334c18362d7"
